
Microsoft Visual Studio Solution File, Format Version 12.00
# Visual Studio 15
VisualStudioVersion = 15.0.28010.2016
MinimumVisualStudioVersion = 10.0.40219.1
Project("{FAE04EC0-301F-11D3-BF4B-00C04F79EFBC}") = "LinkedList", "LinkedList\LinkedList.csproj", "{A278E89E-C280-4F3D-B55E-1F0C7FC0F268}"
EndProject
Project("{FAE04EC0-301F-11D3-BF4B-00C04F79EFBC}") = "LinkedListTests", "LinkedListTests\LinkedListTests.csproj", "{87004CF4-BB92-490B-8865-3A6D496603C6}"
EndProject
Project("{FAE04EC0-301F-11D3-BF4B-00C04F79EFBC}") = "LinkedList2", "LinkedList2\LinkedList2.csproj", "{7524BC83-C0EF-4F62-AE42-4378AE91B264}"
EndProject
Project("{FAE04EC0-301F-11D3-BF4B-00C04F79EFBC}") = "LinkedList2Tests", "LinkedList2Tests\LinkedList2Tests.csproj", "{C62CF6FA-ADBA-4C5E-880A-0A1193F42000}"
EndProject
Project("{FAE04EC0-301F-11D3-BF4B-00C04F79EFBC}") = "DynArray", "DynArray\DynArray.csproj", "{BF3DCA1D-7847-4C25-886A-662318F8456F}"
EndProject
Project("{FAE04EC0-301F-11D3-BF4B-00C04F79EFBC}") = "DynArrayTests", "DynArrayTests\DynArrayTests.csproj", "{38F29B10-F172-47A9-8EE9-7195A41B0C00}"
EndProject
Project("{FAE04EC0-301F-11D3-BF4B-00C04F79EFBC}") = "Challenges", "Challenges\Challenges.csproj", "{26B58C91-EB9A-4AB5-96EB-97703B849B32}"
EndProject
Project("{FAE04EC0-301F-11D3-BF4B-00C04F79EFBC}") = "Stack", "Stack\Stack.csproj", "{964D6F6B-36FE-4533-9D8D-60EF014DC637}"
EndProject
Project("{FAE04EC0-301F-11D3-BF4B-00C04F79EFBC}") = "StackTests", "StackTests\StackTests.csproj", "{88CC2D03-6242-4B8C-A8EE-99A3DB530E83}"
EndProject
Project("{FAE04EC0-301F-11D3-BF4B-00C04F79EFBC}") = "Queue", "Queue\Queue.csproj", "{165B6FA8-95E7-4FDF-9B93-7A6BDBF2E0F3}"
EndProject
Project("{FAE04EC0-301F-11D3-BF4B-00C04F79EFBC}") = "Deque", "Dequeue\Deque.csproj", "{BAFEFF3E-8D8E-4D8A-8D97-EC9D84520E8B}"
EndProject
Project("{FAE04EC0-301F-11D3-BF4B-00C04F79EFBC}") = "DequeTests", "DequeTests\DequeTests.csproj", "{2A403FDB-F34F-4F5A-997A-4A42EEE74631}"
EndProject
Project("{FAE04EC0-301F-11D3-BF4B-00C04F79EFBC}") = "OrderedList", "SortedList\OrderedList.csproj", "{CA8FCC31-6868-4DB8-BDA2-2C96EB92C93F}"
EndProject
Project("{FAE04EC0-301F-11D3-BF4B-00C04F79EFBC}") = "OrderedListTests", "OrderedListTests\OrderedListTests.csproj", "{1C6F325D-C116-4F8E-9C7F-062DBBF72477}"
EndProject
Project("{FAE04EC0-301F-11D3-BF4B-00C04F79EFBC}") = "HashTable", "HasTable\HashTable.csproj", "{916F8A06-527D-4EA6-88A0-F1E5AC1F99AF}"
EndProject
Project("{FAE04EC0-301F-11D3-BF4B-00C04F79EFBC}") = "HashTableTests", "HashTableTests\HashTableTests.csproj", "{C29D96F2-2AB3-48A9-8FCF-F7CE48499DCD}"
EndProject
Project("{FAE04EC0-301F-11D3-BF4B-00C04F79EFBC}") = "NativeDictionary", "NativeDictionary\NativeDictionary.csproj", "{652120D8-F905-47A7-A1CC-5BF013259100}"
EndProject
Project("{FAE04EC0-301F-11D3-BF4B-00C04F79EFBC}") = "NativeDictionaryTests", "NativeDictionaryTests\NativeDictionaryTests.csproj", "{9CC5D02E-BC5D-4006-842B-59391ACE634B}"
EndProject
Project("{FAE04EC0-301F-11D3-BF4B-00C04F79EFBC}") = "PowerSet", "PowerSet\PowerSet.csproj", "{7B4CF3DB-A256-41C2-BBD2-8F65A0465C05}"
EndProject
Project("{FAE04EC0-301F-11D3-BF4B-00C04F79EFBC}") = "PowerSetTests", "PowerSetTests\PowerSetTests.csproj", "{7697082D-5B1C-423C-8365-5B5E55B6749D}"
EndProject
Project("{FAE04EC0-301F-11D3-BF4B-00C04F79EFBC}") = "BloomFilter", "BloomFilter\BloomFilter.csproj", "{2D8239F4-FE12-49CD-AF41-CB3EE236BBE0}"
EndProject
Project("{FAE04EC0-301F-11D3-BF4B-00C04F79EFBC}") = "BloomFilterTests", "BloomFilterTests\BloomFilterTests.csproj", "{F37E9077-11D7-4BB8-888F-0B05BBACC541}"
EndProject
Project("{FAE04EC0-301F-11D3-BF4B-00C04F79EFBC}") = "NativeCache", "NativeCache\NativeCache.csproj", "{75E52A4A-DB89-43A5-9818-9373D1D61F42}"
EndProject
Project("{2150E333-8FDC-42A3-9474-1A3956D46DE8}") = "AlgorithmsDataStructures.Part2", "AlgorithmsDataStructures.Part2", "{11744097-7375-4222-92C0-D37BB848748A}"
EndProject
Project("{2150E333-8FDC-42A3-9474-1A3956D46DE8}") = "AlgorithmsDataStructures.Part1", "AlgorithmsDataStructures.Part1", "{72038595-A08E-40C3-9B85-4D1616687506}"
EndProject
Project("{2150E333-8FDC-42A3-9474-1A3956D46DE8}") = "Tests", "Tests", "{1E148207-C07B-403A-84B1-0C94F5FF9A2C}"
EndProject
Project("{FAE04EC0-301F-11D3-BF4B-00C04F79EFBC}") = "SimpleTree", "SimpleTree\SimpleTree.csproj", "{EB0A9B9A-95E6-4B62-817D-FA9D8BA34BE0}"
EndProject
Project("{FAE04EC0-301F-11D3-BF4B-00C04F79EFBC}") = "SimpleTreeTests", "SimpleTreeTests\SimpleTreeTests.csproj", "{5EA72C4F-BE67-4DAD-BFCC-85C9187372EC}"
EndProject
Project("{2150E333-8FDC-42A3-9474-1A3956D46DE8}") = "Tests", "Tests", "{56EDAF5C-69BB-407D-9A4E-C2A9C571FA17}"
EndProject
Project("{FAE04EC0-301F-11D3-BF4B-00C04F79EFBC}") = "BinarySimpleTree", "BinarySimpleTree\BinarySimpleTree.csproj", "{F62D1110-6AB9-4DB9-9A4D-D48CE7A88D92}"
EndProject
Project("{FAE04EC0-301F-11D3-BF4B-00C04F79EFBC}") = "BinarySimpleTreeTests", "BinarySimpleTreeTests\BinarySimpleTreeTests.csproj", "{A10E03EB-8E6A-469E-A83A-D9C052456191}"
EndProject
Global
	GlobalSection(SolutionConfigurationPlatforms) = preSolution
		Debug|Any CPU = Debug|Any CPU
		Debug|x64 = Debug|x64
		Debug|x86 = Debug|x86
		Release|Any CPU = Release|Any CPU
		Release|x64 = Release|x64
		Release|x86 = Release|x86
	EndGlobalSection
	GlobalSection(ProjectConfigurationPlatforms) = postSolution
		{A278E89E-C280-4F3D-B55E-1F0C7FC0F268}.Debug|Any CPU.ActiveCfg = Debug|Any CPU
		{A278E89E-C280-4F3D-B55E-1F0C7FC0F268}.Debug|Any CPU.Build.0 = Debug|Any CPU
		{A278E89E-C280-4F3D-B55E-1F0C7FC0F268}.Debug|x64.ActiveCfg = Debug|Any CPU
		{A278E89E-C280-4F3D-B55E-1F0C7FC0F268}.Debug|x64.Build.0 = Debug|Any CPU
		{A278E89E-C280-4F3D-B55E-1F0C7FC0F268}.Debug|x86.ActiveCfg = Debug|Any CPU
		{A278E89E-C280-4F3D-B55E-1F0C7FC0F268}.Debug|x86.Build.0 = Debug|Any CPU
		{A278E89E-C280-4F3D-B55E-1F0C7FC0F268}.Release|Any CPU.ActiveCfg = Release|Any CPU
		{A278E89E-C280-4F3D-B55E-1F0C7FC0F268}.Release|Any CPU.Build.0 = Release|Any CPU
		{A278E89E-C280-4F3D-B55E-1F0C7FC0F268}.Release|x64.ActiveCfg = Release|Any CPU
		{A278E89E-C280-4F3D-B55E-1F0C7FC0F268}.Release|x64.Build.0 = Release|Any CPU
		{A278E89E-C280-4F3D-B55E-1F0C7FC0F268}.Release|x86.ActiveCfg = Release|Any CPU
		{A278E89E-C280-4F3D-B55E-1F0C7FC0F268}.Release|x86.Build.0 = Release|Any CPU
		{87004CF4-BB92-490B-8865-3A6D496603C6}.Debug|Any CPU.ActiveCfg = Debug|Any CPU
		{87004CF4-BB92-490B-8865-3A6D496603C6}.Debug|Any CPU.Build.0 = Debug|Any CPU
		{87004CF4-BB92-490B-8865-3A6D496603C6}.Debug|x64.ActiveCfg = Debug|Any CPU
		{87004CF4-BB92-490B-8865-3A6D496603C6}.Debug|x64.Build.0 = Debug|Any CPU
		{87004CF4-BB92-490B-8865-3A6D496603C6}.Debug|x86.ActiveCfg = Debug|Any CPU
		{87004CF4-BB92-490B-8865-3A6D496603C6}.Debug|x86.Build.0 = Debug|Any CPU
		{87004CF4-BB92-490B-8865-3A6D496603C6}.Release|Any CPU.ActiveCfg = Release|Any CPU
		{87004CF4-BB92-490B-8865-3A6D496603C6}.Release|Any CPU.Build.0 = Release|Any CPU
		{87004CF4-BB92-490B-8865-3A6D496603C6}.Release|x64.ActiveCfg = Release|Any CPU
		{87004CF4-BB92-490B-8865-3A6D496603C6}.Release|x64.Build.0 = Release|Any CPU
		{87004CF4-BB92-490B-8865-3A6D496603C6}.Release|x86.ActiveCfg = Release|Any CPU
		{87004CF4-BB92-490B-8865-3A6D496603C6}.Release|x86.Build.0 = Release|Any CPU
		{7524BC83-C0EF-4F62-AE42-4378AE91B264}.Debug|Any CPU.ActiveCfg = Debug|Any CPU
		{7524BC83-C0EF-4F62-AE42-4378AE91B264}.Debug|Any CPU.Build.0 = Debug|Any CPU
		{7524BC83-C0EF-4F62-AE42-4378AE91B264}.Debug|x64.ActiveCfg = Debug|Any CPU
		{7524BC83-C0EF-4F62-AE42-4378AE91B264}.Debug|x64.Build.0 = Debug|Any CPU
		{7524BC83-C0EF-4F62-AE42-4378AE91B264}.Debug|x86.ActiveCfg = Debug|Any CPU
		{7524BC83-C0EF-4F62-AE42-4378AE91B264}.Debug|x86.Build.0 = Debug|Any CPU
		{7524BC83-C0EF-4F62-AE42-4378AE91B264}.Release|Any CPU.ActiveCfg = Release|Any CPU
		{7524BC83-C0EF-4F62-AE42-4378AE91B264}.Release|Any CPU.Build.0 = Release|Any CPU
		{7524BC83-C0EF-4F62-AE42-4378AE91B264}.Release|x64.ActiveCfg = Release|Any CPU
		{7524BC83-C0EF-4F62-AE42-4378AE91B264}.Release|x64.Build.0 = Release|Any CPU
		{7524BC83-C0EF-4F62-AE42-4378AE91B264}.Release|x86.ActiveCfg = Release|Any CPU
		{7524BC83-C0EF-4F62-AE42-4378AE91B264}.Release|x86.Build.0 = Release|Any CPU
		{C62CF6FA-ADBA-4C5E-880A-0A1193F42000}.Debug|Any CPU.ActiveCfg = Debug|Any CPU
		{C62CF6FA-ADBA-4C5E-880A-0A1193F42000}.Debug|Any CPU.Build.0 = Debug|Any CPU
		{C62CF6FA-ADBA-4C5E-880A-0A1193F42000}.Debug|x64.ActiveCfg = Debug|Any CPU
		{C62CF6FA-ADBA-4C5E-880A-0A1193F42000}.Debug|x64.Build.0 = Debug|Any CPU
		{C62CF6FA-ADBA-4C5E-880A-0A1193F42000}.Debug|x86.ActiveCfg = Debug|Any CPU
		{C62CF6FA-ADBA-4C5E-880A-0A1193F42000}.Debug|x86.Build.0 = Debug|Any CPU
		{C62CF6FA-ADBA-4C5E-880A-0A1193F42000}.Release|Any CPU.ActiveCfg = Release|Any CPU
		{C62CF6FA-ADBA-4C5E-880A-0A1193F42000}.Release|Any CPU.Build.0 = Release|Any CPU
		{C62CF6FA-ADBA-4C5E-880A-0A1193F42000}.Release|x64.ActiveCfg = Release|Any CPU
		{C62CF6FA-ADBA-4C5E-880A-0A1193F42000}.Release|x64.Build.0 = Release|Any CPU
		{C62CF6FA-ADBA-4C5E-880A-0A1193F42000}.Release|x86.ActiveCfg = Release|Any CPU
		{C62CF6FA-ADBA-4C5E-880A-0A1193F42000}.Release|x86.Build.0 = Release|Any CPU
		{BF3DCA1D-7847-4C25-886A-662318F8456F}.Debug|Any CPU.ActiveCfg = Debug|Any CPU
		{BF3DCA1D-7847-4C25-886A-662318F8456F}.Debug|Any CPU.Build.0 = Debug|Any CPU
		{BF3DCA1D-7847-4C25-886A-662318F8456F}.Debug|x64.ActiveCfg = Debug|Any CPU
		{BF3DCA1D-7847-4C25-886A-662318F8456F}.Debug|x64.Build.0 = Debug|Any CPU
		{BF3DCA1D-7847-4C25-886A-662318F8456F}.Debug|x86.ActiveCfg = Debug|Any CPU
		{BF3DCA1D-7847-4C25-886A-662318F8456F}.Debug|x86.Build.0 = Debug|Any CPU
		{BF3DCA1D-7847-4C25-886A-662318F8456F}.Release|Any CPU.ActiveCfg = Release|Any CPU
		{BF3DCA1D-7847-4C25-886A-662318F8456F}.Release|Any CPU.Build.0 = Release|Any CPU
		{BF3DCA1D-7847-4C25-886A-662318F8456F}.Release|x64.ActiveCfg = Release|Any CPU
		{BF3DCA1D-7847-4C25-886A-662318F8456F}.Release|x64.Build.0 = Release|Any CPU
		{BF3DCA1D-7847-4C25-886A-662318F8456F}.Release|x86.ActiveCfg = Release|Any CPU
		{BF3DCA1D-7847-4C25-886A-662318F8456F}.Release|x86.Build.0 = Release|Any CPU
		{38F29B10-F172-47A9-8EE9-7195A41B0C00}.Debug|Any CPU.ActiveCfg = Debug|Any CPU
		{38F29B10-F172-47A9-8EE9-7195A41B0C00}.Debug|Any CPU.Build.0 = Debug|Any CPU
		{38F29B10-F172-47A9-8EE9-7195A41B0C00}.Debug|x64.ActiveCfg = Debug|Any CPU
		{38F29B10-F172-47A9-8EE9-7195A41B0C00}.Debug|x64.Build.0 = Debug|Any CPU
		{38F29B10-F172-47A9-8EE9-7195A41B0C00}.Debug|x86.ActiveCfg = Debug|Any CPU
		{38F29B10-F172-47A9-8EE9-7195A41B0C00}.Debug|x86.Build.0 = Debug|Any CPU
		{38F29B10-F172-47A9-8EE9-7195A41B0C00}.Release|Any CPU.ActiveCfg = Release|Any CPU
		{38F29B10-F172-47A9-8EE9-7195A41B0C00}.Release|Any CPU.Build.0 = Release|Any CPU
		{38F29B10-F172-47A9-8EE9-7195A41B0C00}.Release|x64.ActiveCfg = Release|Any CPU
		{38F29B10-F172-47A9-8EE9-7195A41B0C00}.Release|x64.Build.0 = Release|Any CPU
		{38F29B10-F172-47A9-8EE9-7195A41B0C00}.Release|x86.ActiveCfg = Release|Any CPU
		{38F29B10-F172-47A9-8EE9-7195A41B0C00}.Release|x86.Build.0 = Release|Any CPU
		{26B58C91-EB9A-4AB5-96EB-97703B849B32}.Debug|Any CPU.ActiveCfg = Debug|Any CPU
		{26B58C91-EB9A-4AB5-96EB-97703B849B32}.Debug|Any CPU.Build.0 = Debug|Any CPU
		{26B58C91-EB9A-4AB5-96EB-97703B849B32}.Debug|x64.ActiveCfg = Debug|Any CPU
		{26B58C91-EB9A-4AB5-96EB-97703B849B32}.Debug|x64.Build.0 = Debug|Any CPU
		{26B58C91-EB9A-4AB5-96EB-97703B849B32}.Debug|x86.ActiveCfg = Debug|Any CPU
		{26B58C91-EB9A-4AB5-96EB-97703B849B32}.Debug|x86.Build.0 = Debug|Any CPU
		{26B58C91-EB9A-4AB5-96EB-97703B849B32}.Release|Any CPU.ActiveCfg = Release|Any CPU
		{26B58C91-EB9A-4AB5-96EB-97703B849B32}.Release|Any CPU.Build.0 = Release|Any CPU
		{26B58C91-EB9A-4AB5-96EB-97703B849B32}.Release|x64.ActiveCfg = Release|Any CPU
		{26B58C91-EB9A-4AB5-96EB-97703B849B32}.Release|x64.Build.0 = Release|Any CPU
		{26B58C91-EB9A-4AB5-96EB-97703B849B32}.Release|x86.ActiveCfg = Release|Any CPU
		{26B58C91-EB9A-4AB5-96EB-97703B849B32}.Release|x86.Build.0 = Release|Any CPU
		{964D6F6B-36FE-4533-9D8D-60EF014DC637}.Debug|Any CPU.ActiveCfg = Debug|Any CPU
		{964D6F6B-36FE-4533-9D8D-60EF014DC637}.Debug|Any CPU.Build.0 = Debug|Any CPU
		{964D6F6B-36FE-4533-9D8D-60EF014DC637}.Debug|x64.ActiveCfg = Debug|Any CPU
		{964D6F6B-36FE-4533-9D8D-60EF014DC637}.Debug|x64.Build.0 = Debug|Any CPU
		{964D6F6B-36FE-4533-9D8D-60EF014DC637}.Debug|x86.ActiveCfg = Debug|Any CPU
		{964D6F6B-36FE-4533-9D8D-60EF014DC637}.Debug|x86.Build.0 = Debug|Any CPU
		{964D6F6B-36FE-4533-9D8D-60EF014DC637}.Release|Any CPU.ActiveCfg = Release|Any CPU
		{964D6F6B-36FE-4533-9D8D-60EF014DC637}.Release|Any CPU.Build.0 = Release|Any CPU
		{964D6F6B-36FE-4533-9D8D-60EF014DC637}.Release|x64.ActiveCfg = Release|Any CPU
		{964D6F6B-36FE-4533-9D8D-60EF014DC637}.Release|x64.Build.0 = Release|Any CPU
		{964D6F6B-36FE-4533-9D8D-60EF014DC637}.Release|x86.ActiveCfg = Release|Any CPU
		{964D6F6B-36FE-4533-9D8D-60EF014DC637}.Release|x86.Build.0 = Release|Any CPU
		{88CC2D03-6242-4B8C-A8EE-99A3DB530E83}.Debug|Any CPU.ActiveCfg = Debug|Any CPU
		{88CC2D03-6242-4B8C-A8EE-99A3DB530E83}.Debug|Any CPU.Build.0 = Debug|Any CPU
		{88CC2D03-6242-4B8C-A8EE-99A3DB530E83}.Debug|x64.ActiveCfg = Debug|Any CPU
		{88CC2D03-6242-4B8C-A8EE-99A3DB530E83}.Debug|x64.Build.0 = Debug|Any CPU
		{88CC2D03-6242-4B8C-A8EE-99A3DB530E83}.Debug|x86.ActiveCfg = Debug|Any CPU
		{88CC2D03-6242-4B8C-A8EE-99A3DB530E83}.Debug|x86.Build.0 = Debug|Any CPU
		{88CC2D03-6242-4B8C-A8EE-99A3DB530E83}.Release|Any CPU.ActiveCfg = Release|Any CPU
		{88CC2D03-6242-4B8C-A8EE-99A3DB530E83}.Release|Any CPU.Build.0 = Release|Any CPU
		{88CC2D03-6242-4B8C-A8EE-99A3DB530E83}.Release|x64.ActiveCfg = Release|Any CPU
		{88CC2D03-6242-4B8C-A8EE-99A3DB530E83}.Release|x64.Build.0 = Release|Any CPU
		{88CC2D03-6242-4B8C-A8EE-99A3DB530E83}.Release|x86.ActiveCfg = Release|Any CPU
		{88CC2D03-6242-4B8C-A8EE-99A3DB530E83}.Release|x86.Build.0 = Release|Any CPU
		{165B6FA8-95E7-4FDF-9B93-7A6BDBF2E0F3}.Debug|Any CPU.ActiveCfg = Debug|Any CPU
		{165B6FA8-95E7-4FDF-9B93-7A6BDBF2E0F3}.Debug|Any CPU.Build.0 = Debug|Any CPU
		{165B6FA8-95E7-4FDF-9B93-7A6BDBF2E0F3}.Debug|x64.ActiveCfg = Debug|Any CPU
		{165B6FA8-95E7-4FDF-9B93-7A6BDBF2E0F3}.Debug|x64.Build.0 = Debug|Any CPU
		{165B6FA8-95E7-4FDF-9B93-7A6BDBF2E0F3}.Debug|x86.ActiveCfg = Debug|Any CPU
		{165B6FA8-95E7-4FDF-9B93-7A6BDBF2E0F3}.Debug|x86.Build.0 = Debug|Any CPU
		{165B6FA8-95E7-4FDF-9B93-7A6BDBF2E0F3}.Release|Any CPU.ActiveCfg = Release|Any CPU
		{165B6FA8-95E7-4FDF-9B93-7A6BDBF2E0F3}.Release|Any CPU.Build.0 = Release|Any CPU
		{165B6FA8-95E7-4FDF-9B93-7A6BDBF2E0F3}.Release|x64.ActiveCfg = Release|Any CPU
		{165B6FA8-95E7-4FDF-9B93-7A6BDBF2E0F3}.Release|x64.Build.0 = Release|Any CPU
		{165B6FA8-95E7-4FDF-9B93-7A6BDBF2E0F3}.Release|x86.ActiveCfg = Release|Any CPU
		{165B6FA8-95E7-4FDF-9B93-7A6BDBF2E0F3}.Release|x86.Build.0 = Release|Any CPU
		{BAFEFF3E-8D8E-4D8A-8D97-EC9D84520E8B}.Debug|Any CPU.ActiveCfg = Debug|Any CPU
		{BAFEFF3E-8D8E-4D8A-8D97-EC9D84520E8B}.Debug|Any CPU.Build.0 = Debug|Any CPU
		{BAFEFF3E-8D8E-4D8A-8D97-EC9D84520E8B}.Debug|x64.ActiveCfg = Debug|Any CPU
		{BAFEFF3E-8D8E-4D8A-8D97-EC9D84520E8B}.Debug|x64.Build.0 = Debug|Any CPU
		{BAFEFF3E-8D8E-4D8A-8D97-EC9D84520E8B}.Debug|x86.ActiveCfg = Debug|Any CPU
		{BAFEFF3E-8D8E-4D8A-8D97-EC9D84520E8B}.Debug|x86.Build.0 = Debug|Any CPU
		{BAFEFF3E-8D8E-4D8A-8D97-EC9D84520E8B}.Release|Any CPU.ActiveCfg = Release|Any CPU
		{BAFEFF3E-8D8E-4D8A-8D97-EC9D84520E8B}.Release|Any CPU.Build.0 = Release|Any CPU
		{BAFEFF3E-8D8E-4D8A-8D97-EC9D84520E8B}.Release|x64.ActiveCfg = Release|Any CPU
		{BAFEFF3E-8D8E-4D8A-8D97-EC9D84520E8B}.Release|x64.Build.0 = Release|Any CPU
		{BAFEFF3E-8D8E-4D8A-8D97-EC9D84520E8B}.Release|x86.ActiveCfg = Release|Any CPU
		{BAFEFF3E-8D8E-4D8A-8D97-EC9D84520E8B}.Release|x86.Build.0 = Release|Any CPU
		{2A403FDB-F34F-4F5A-997A-4A42EEE74631}.Debug|Any CPU.ActiveCfg = Debug|Any CPU
		{2A403FDB-F34F-4F5A-997A-4A42EEE74631}.Debug|Any CPU.Build.0 = Debug|Any CPU
		{2A403FDB-F34F-4F5A-997A-4A42EEE74631}.Debug|x64.ActiveCfg = Debug|Any CPU
		{2A403FDB-F34F-4F5A-997A-4A42EEE74631}.Debug|x64.Build.0 = Debug|Any CPU
		{2A403FDB-F34F-4F5A-997A-4A42EEE74631}.Debug|x86.ActiveCfg = Debug|Any CPU
		{2A403FDB-F34F-4F5A-997A-4A42EEE74631}.Debug|x86.Build.0 = Debug|Any CPU
		{2A403FDB-F34F-4F5A-997A-4A42EEE74631}.Release|Any CPU.ActiveCfg = Release|Any CPU
		{2A403FDB-F34F-4F5A-997A-4A42EEE74631}.Release|Any CPU.Build.0 = Release|Any CPU
		{2A403FDB-F34F-4F5A-997A-4A42EEE74631}.Release|x64.ActiveCfg = Release|Any CPU
		{2A403FDB-F34F-4F5A-997A-4A42EEE74631}.Release|x64.Build.0 = Release|Any CPU
		{2A403FDB-F34F-4F5A-997A-4A42EEE74631}.Release|x86.ActiveCfg = Release|Any CPU
		{2A403FDB-F34F-4F5A-997A-4A42EEE74631}.Release|x86.Build.0 = Release|Any CPU
		{CA8FCC31-6868-4DB8-BDA2-2C96EB92C93F}.Debug|Any CPU.ActiveCfg = Debug|Any CPU
		{CA8FCC31-6868-4DB8-BDA2-2C96EB92C93F}.Debug|Any CPU.Build.0 = Debug|Any CPU
		{CA8FCC31-6868-4DB8-BDA2-2C96EB92C93F}.Debug|x64.ActiveCfg = Debug|Any CPU
		{CA8FCC31-6868-4DB8-BDA2-2C96EB92C93F}.Debug|x64.Build.0 = Debug|Any CPU
		{CA8FCC31-6868-4DB8-BDA2-2C96EB92C93F}.Debug|x86.ActiveCfg = Debug|Any CPU
		{CA8FCC31-6868-4DB8-BDA2-2C96EB92C93F}.Debug|x86.Build.0 = Debug|Any CPU
		{CA8FCC31-6868-4DB8-BDA2-2C96EB92C93F}.Release|Any CPU.ActiveCfg = Release|Any CPU
		{CA8FCC31-6868-4DB8-BDA2-2C96EB92C93F}.Release|Any CPU.Build.0 = Release|Any CPU
		{CA8FCC31-6868-4DB8-BDA2-2C96EB92C93F}.Release|x64.ActiveCfg = Release|Any CPU
		{CA8FCC31-6868-4DB8-BDA2-2C96EB92C93F}.Release|x64.Build.0 = Release|Any CPU
		{CA8FCC31-6868-4DB8-BDA2-2C96EB92C93F}.Release|x86.ActiveCfg = Release|Any CPU
		{CA8FCC31-6868-4DB8-BDA2-2C96EB92C93F}.Release|x86.Build.0 = Release|Any CPU
		{1C6F325D-C116-4F8E-9C7F-062DBBF72477}.Debug|Any CPU.ActiveCfg = Debug|Any CPU
		{1C6F325D-C116-4F8E-9C7F-062DBBF72477}.Debug|Any CPU.Build.0 = Debug|Any CPU
		{1C6F325D-C116-4F8E-9C7F-062DBBF72477}.Debug|x64.ActiveCfg = Debug|Any CPU
		{1C6F325D-C116-4F8E-9C7F-062DBBF72477}.Debug|x64.Build.0 = Debug|Any CPU
		{1C6F325D-C116-4F8E-9C7F-062DBBF72477}.Debug|x86.ActiveCfg = Debug|Any CPU
		{1C6F325D-C116-4F8E-9C7F-062DBBF72477}.Debug|x86.Build.0 = Debug|Any CPU
		{1C6F325D-C116-4F8E-9C7F-062DBBF72477}.Release|Any CPU.ActiveCfg = Release|Any CPU
		{1C6F325D-C116-4F8E-9C7F-062DBBF72477}.Release|Any CPU.Build.0 = Release|Any CPU
		{1C6F325D-C116-4F8E-9C7F-062DBBF72477}.Release|x64.ActiveCfg = Release|Any CPU
		{1C6F325D-C116-4F8E-9C7F-062DBBF72477}.Release|x64.Build.0 = Release|Any CPU
		{1C6F325D-C116-4F8E-9C7F-062DBBF72477}.Release|x86.ActiveCfg = Release|Any CPU
		{1C6F325D-C116-4F8E-9C7F-062DBBF72477}.Release|x86.Build.0 = Release|Any CPU
		{916F8A06-527D-4EA6-88A0-F1E5AC1F99AF}.Debug|Any CPU.ActiveCfg = Debug|Any CPU
		{916F8A06-527D-4EA6-88A0-F1E5AC1F99AF}.Debug|Any CPU.Build.0 = Debug|Any CPU
		{916F8A06-527D-4EA6-88A0-F1E5AC1F99AF}.Debug|x64.ActiveCfg = Debug|Any CPU
		{916F8A06-527D-4EA6-88A0-F1E5AC1F99AF}.Debug|x64.Build.0 = Debug|Any CPU
		{916F8A06-527D-4EA6-88A0-F1E5AC1F99AF}.Debug|x86.ActiveCfg = Debug|Any CPU
		{916F8A06-527D-4EA6-88A0-F1E5AC1F99AF}.Debug|x86.Build.0 = Debug|Any CPU
		{916F8A06-527D-4EA6-88A0-F1E5AC1F99AF}.Release|Any CPU.ActiveCfg = Release|Any CPU
		{916F8A06-527D-4EA6-88A0-F1E5AC1F99AF}.Release|Any CPU.Build.0 = Release|Any CPU
		{916F8A06-527D-4EA6-88A0-F1E5AC1F99AF}.Release|x64.ActiveCfg = Release|Any CPU
		{916F8A06-527D-4EA6-88A0-F1E5AC1F99AF}.Release|x64.Build.0 = Release|Any CPU
		{916F8A06-527D-4EA6-88A0-F1E5AC1F99AF}.Release|x86.ActiveCfg = Release|Any CPU
		{916F8A06-527D-4EA6-88A0-F1E5AC1F99AF}.Release|x86.Build.0 = Release|Any CPU
		{C29D96F2-2AB3-48A9-8FCF-F7CE48499DCD}.Debug|Any CPU.ActiveCfg = Debug|Any CPU
		{C29D96F2-2AB3-48A9-8FCF-F7CE48499DCD}.Debug|Any CPU.Build.0 = Debug|Any CPU
		{C29D96F2-2AB3-48A9-8FCF-F7CE48499DCD}.Debug|x64.ActiveCfg = Debug|Any CPU
		{C29D96F2-2AB3-48A9-8FCF-F7CE48499DCD}.Debug|x64.Build.0 = Debug|Any CPU
		{C29D96F2-2AB3-48A9-8FCF-F7CE48499DCD}.Debug|x86.ActiveCfg = Debug|Any CPU
		{C29D96F2-2AB3-48A9-8FCF-F7CE48499DCD}.Debug|x86.Build.0 = Debug|Any CPU
		{C29D96F2-2AB3-48A9-8FCF-F7CE48499DCD}.Release|Any CPU.ActiveCfg = Release|Any CPU
		{C29D96F2-2AB3-48A9-8FCF-F7CE48499DCD}.Release|Any CPU.Build.0 = Release|Any CPU
		{C29D96F2-2AB3-48A9-8FCF-F7CE48499DCD}.Release|x64.ActiveCfg = Release|Any CPU
		{C29D96F2-2AB3-48A9-8FCF-F7CE48499DCD}.Release|x64.Build.0 = Release|Any CPU
		{C29D96F2-2AB3-48A9-8FCF-F7CE48499DCD}.Release|x86.ActiveCfg = Release|Any CPU
		{C29D96F2-2AB3-48A9-8FCF-F7CE48499DCD}.Release|x86.Build.0 = Release|Any CPU
		{652120D8-F905-47A7-A1CC-5BF013259100}.Debug|Any CPU.ActiveCfg = Debug|Any CPU
		{652120D8-F905-47A7-A1CC-5BF013259100}.Debug|Any CPU.Build.0 = Debug|Any CPU
		{652120D8-F905-47A7-A1CC-5BF013259100}.Debug|x64.ActiveCfg = Debug|Any CPU
		{652120D8-F905-47A7-A1CC-5BF013259100}.Debug|x64.Build.0 = Debug|Any CPU
		{652120D8-F905-47A7-A1CC-5BF013259100}.Debug|x86.ActiveCfg = Debug|Any CPU
		{652120D8-F905-47A7-A1CC-5BF013259100}.Debug|x86.Build.0 = Debug|Any CPU
		{652120D8-F905-47A7-A1CC-5BF013259100}.Release|Any CPU.ActiveCfg = Release|Any CPU
		{652120D8-F905-47A7-A1CC-5BF013259100}.Release|Any CPU.Build.0 = Release|Any CPU
		{652120D8-F905-47A7-A1CC-5BF013259100}.Release|x64.ActiveCfg = Release|Any CPU
		{652120D8-F905-47A7-A1CC-5BF013259100}.Release|x64.Build.0 = Release|Any CPU
		{652120D8-F905-47A7-A1CC-5BF013259100}.Release|x86.ActiveCfg = Release|Any CPU
		{652120D8-F905-47A7-A1CC-5BF013259100}.Release|x86.Build.0 = Release|Any CPU
		{9CC5D02E-BC5D-4006-842B-59391ACE634B}.Debug|Any CPU.ActiveCfg = Debug|Any CPU
		{9CC5D02E-BC5D-4006-842B-59391ACE634B}.Debug|Any CPU.Build.0 = Debug|Any CPU
		{9CC5D02E-BC5D-4006-842B-59391ACE634B}.Debug|x64.ActiveCfg = Debug|Any CPU
		{9CC5D02E-BC5D-4006-842B-59391ACE634B}.Debug|x64.Build.0 = Debug|Any CPU
		{9CC5D02E-BC5D-4006-842B-59391ACE634B}.Debug|x86.ActiveCfg = Debug|Any CPU
		{9CC5D02E-BC5D-4006-842B-59391ACE634B}.Debug|x86.Build.0 = Debug|Any CPU
		{9CC5D02E-BC5D-4006-842B-59391ACE634B}.Release|Any CPU.ActiveCfg = Release|Any CPU
		{9CC5D02E-BC5D-4006-842B-59391ACE634B}.Release|Any CPU.Build.0 = Release|Any CPU
		{9CC5D02E-BC5D-4006-842B-59391ACE634B}.Release|x64.ActiveCfg = Release|Any CPU
		{9CC5D02E-BC5D-4006-842B-59391ACE634B}.Release|x64.Build.0 = Release|Any CPU
		{9CC5D02E-BC5D-4006-842B-59391ACE634B}.Release|x86.ActiveCfg = Release|Any CPU
		{9CC5D02E-BC5D-4006-842B-59391ACE634B}.Release|x86.Build.0 = Release|Any CPU
		{7B4CF3DB-A256-41C2-BBD2-8F65A0465C05}.Debug|Any CPU.ActiveCfg = Debug|Any CPU
		{7B4CF3DB-A256-41C2-BBD2-8F65A0465C05}.Debug|Any CPU.Build.0 = Debug|Any CPU
		{7B4CF3DB-A256-41C2-BBD2-8F65A0465C05}.Debug|x64.ActiveCfg = Debug|Any CPU
		{7B4CF3DB-A256-41C2-BBD2-8F65A0465C05}.Debug|x64.Build.0 = Debug|Any CPU
		{7B4CF3DB-A256-41C2-BBD2-8F65A0465C05}.Debug|x86.ActiveCfg = Debug|Any CPU
		{7B4CF3DB-A256-41C2-BBD2-8F65A0465C05}.Debug|x86.Build.0 = Debug|Any CPU
		{7B4CF3DB-A256-41C2-BBD2-8F65A0465C05}.Release|Any CPU.ActiveCfg = Release|Any CPU
		{7B4CF3DB-A256-41C2-BBD2-8F65A0465C05}.Release|Any CPU.Build.0 = Release|Any CPU
		{7B4CF3DB-A256-41C2-BBD2-8F65A0465C05}.Release|x64.ActiveCfg = Release|Any CPU
		{7B4CF3DB-A256-41C2-BBD2-8F65A0465C05}.Release|x64.Build.0 = Release|Any CPU
		{7B4CF3DB-A256-41C2-BBD2-8F65A0465C05}.Release|x86.ActiveCfg = Release|Any CPU
		{7B4CF3DB-A256-41C2-BBD2-8F65A0465C05}.Release|x86.Build.0 = Release|Any CPU
		{7697082D-5B1C-423C-8365-5B5E55B6749D}.Debug|Any CPU.ActiveCfg = Debug|Any CPU
		{7697082D-5B1C-423C-8365-5B5E55B6749D}.Debug|Any CPU.Build.0 = Debug|Any CPU
		{7697082D-5B1C-423C-8365-5B5E55B6749D}.Debug|x64.ActiveCfg = Debug|Any CPU
		{7697082D-5B1C-423C-8365-5B5E55B6749D}.Debug|x64.Build.0 = Debug|Any CPU
		{7697082D-5B1C-423C-8365-5B5E55B6749D}.Debug|x86.ActiveCfg = Debug|Any CPU
		{7697082D-5B1C-423C-8365-5B5E55B6749D}.Debug|x86.Build.0 = Debug|Any CPU
		{7697082D-5B1C-423C-8365-5B5E55B6749D}.Release|Any CPU.ActiveCfg = Release|Any CPU
		{7697082D-5B1C-423C-8365-5B5E55B6749D}.Release|Any CPU.Build.0 = Release|Any CPU
		{7697082D-5B1C-423C-8365-5B5E55B6749D}.Release|x64.ActiveCfg = Release|Any CPU
		{7697082D-5B1C-423C-8365-5B5E55B6749D}.Release|x64.Build.0 = Release|Any CPU
		{7697082D-5B1C-423C-8365-5B5E55B6749D}.Release|x86.ActiveCfg = Release|Any CPU
		{7697082D-5B1C-423C-8365-5B5E55B6749D}.Release|x86.Build.0 = Release|Any CPU
		{2D8239F4-FE12-49CD-AF41-CB3EE236BBE0}.Debug|Any CPU.ActiveCfg = Debug|Any CPU
		{2D8239F4-FE12-49CD-AF41-CB3EE236BBE0}.Debug|Any CPU.Build.0 = Debug|Any CPU
		{2D8239F4-FE12-49CD-AF41-CB3EE236BBE0}.Debug|x64.ActiveCfg = Debug|Any CPU
		{2D8239F4-FE12-49CD-AF41-CB3EE236BBE0}.Debug|x64.Build.0 = Debug|Any CPU
		{2D8239F4-FE12-49CD-AF41-CB3EE236BBE0}.Debug|x86.ActiveCfg = Debug|Any CPU
		{2D8239F4-FE12-49CD-AF41-CB3EE236BBE0}.Debug|x86.Build.0 = Debug|Any CPU
		{2D8239F4-FE12-49CD-AF41-CB3EE236BBE0}.Release|Any CPU.ActiveCfg = Release|Any CPU
		{2D8239F4-FE12-49CD-AF41-CB3EE236BBE0}.Release|Any CPU.Build.0 = Release|Any CPU
		{2D8239F4-FE12-49CD-AF41-CB3EE236BBE0}.Release|x64.ActiveCfg = Release|Any CPU
		{2D8239F4-FE12-49CD-AF41-CB3EE236BBE0}.Release|x64.Build.0 = Release|Any CPU
		{2D8239F4-FE12-49CD-AF41-CB3EE236BBE0}.Release|x86.ActiveCfg = Release|Any CPU
		{2D8239F4-FE12-49CD-AF41-CB3EE236BBE0}.Release|x86.Build.0 = Release|Any CPU
		{F37E9077-11D7-4BB8-888F-0B05BBACC541}.Debug|Any CPU.ActiveCfg = Debug|Any CPU
		{F37E9077-11D7-4BB8-888F-0B05BBACC541}.Debug|Any CPU.Build.0 = Debug|Any CPU
		{F37E9077-11D7-4BB8-888F-0B05BBACC541}.Debug|x64.ActiveCfg = Debug|Any CPU
		{F37E9077-11D7-4BB8-888F-0B05BBACC541}.Debug|x64.Build.0 = Debug|Any CPU
		{F37E9077-11D7-4BB8-888F-0B05BBACC541}.Debug|x86.ActiveCfg = Debug|Any CPU
		{F37E9077-11D7-4BB8-888F-0B05BBACC541}.Debug|x86.Build.0 = Debug|Any CPU
		{F37E9077-11D7-4BB8-888F-0B05BBACC541}.Release|Any CPU.ActiveCfg = Release|Any CPU
		{F37E9077-11D7-4BB8-888F-0B05BBACC541}.Release|Any CPU.Build.0 = Release|Any CPU
		{F37E9077-11D7-4BB8-888F-0B05BBACC541}.Release|x64.ActiveCfg = Release|Any CPU
		{F37E9077-11D7-4BB8-888F-0B05BBACC541}.Release|x64.Build.0 = Release|Any CPU
		{F37E9077-11D7-4BB8-888F-0B05BBACC541}.Release|x86.ActiveCfg = Release|Any CPU
		{F37E9077-11D7-4BB8-888F-0B05BBACC541}.Release|x86.Build.0 = Release|Any CPU
		{75E52A4A-DB89-43A5-9818-9373D1D61F42}.Debug|Any CPU.ActiveCfg = Debug|Any CPU
		{75E52A4A-DB89-43A5-9818-9373D1D61F42}.Debug|Any CPU.Build.0 = Debug|Any CPU
		{75E52A4A-DB89-43A5-9818-9373D1D61F42}.Debug|x64.ActiveCfg = Debug|Any CPU
		{75E52A4A-DB89-43A5-9818-9373D1D61F42}.Debug|x64.Build.0 = Debug|Any CPU
		{75E52A4A-DB89-43A5-9818-9373D1D61F42}.Debug|x86.ActiveCfg = Debug|Any CPU
		{75E52A4A-DB89-43A5-9818-9373D1D61F42}.Debug|x86.Build.0 = Debug|Any CPU
		{75E52A4A-DB89-43A5-9818-9373D1D61F42}.Release|Any CPU.ActiveCfg = Release|Any CPU
		{75E52A4A-DB89-43A5-9818-9373D1D61F42}.Release|Any CPU.Build.0 = Release|Any CPU
		{75E52A4A-DB89-43A5-9818-9373D1D61F42}.Release|x64.ActiveCfg = Release|Any CPU
		{75E52A4A-DB89-43A5-9818-9373D1D61F42}.Release|x64.Build.0 = Release|Any CPU
		{75E52A4A-DB89-43A5-9818-9373D1D61F42}.Release|x86.ActiveCfg = Release|Any CPU
		{75E52A4A-DB89-43A5-9818-9373D1D61F42}.Release|x86.Build.0 = Release|Any CPU
		{EB0A9B9A-95E6-4B62-817D-FA9D8BA34BE0}.Debug|Any CPU.ActiveCfg = Debug|Any CPU
		{EB0A9B9A-95E6-4B62-817D-FA9D8BA34BE0}.Debug|Any CPU.Build.0 = Debug|Any CPU
		{EB0A9B9A-95E6-4B62-817D-FA9D8BA34BE0}.Debug|x64.ActiveCfg = Debug|Any CPU
		{EB0A9B9A-95E6-4B62-817D-FA9D8BA34BE0}.Debug|x64.Build.0 = Debug|Any CPU
		{EB0A9B9A-95E6-4B62-817D-FA9D8BA34BE0}.Debug|x86.ActiveCfg = Debug|Any CPU
		{EB0A9B9A-95E6-4B62-817D-FA9D8BA34BE0}.Debug|x86.Build.0 = Debug|Any CPU
		{EB0A9B9A-95E6-4B62-817D-FA9D8BA34BE0}.Release|Any CPU.ActiveCfg = Release|Any CPU
		{EB0A9B9A-95E6-4B62-817D-FA9D8BA34BE0}.Release|Any CPU.Build.0 = Release|Any CPU
		{EB0A9B9A-95E6-4B62-817D-FA9D8BA34BE0}.Release|x64.ActiveCfg = Release|Any CPU
		{EB0A9B9A-95E6-4B62-817D-FA9D8BA34BE0}.Release|x64.Build.0 = Release|Any CPU
		{EB0A9B9A-95E6-4B62-817D-FA9D8BA34BE0}.Release|x86.ActiveCfg = Release|Any CPU
		{EB0A9B9A-95E6-4B62-817D-FA9D8BA34BE0}.Release|x86.Build.0 = Release|Any CPU
		{5EA72C4F-BE67-4DAD-BFCC-85C9187372EC}.Debug|Any CPU.ActiveCfg = Debug|Any CPU
		{5EA72C4F-BE67-4DAD-BFCC-85C9187372EC}.Debug|Any CPU.Build.0 = Debug|Any CPU
		{5EA72C4F-BE67-4DAD-BFCC-85C9187372EC}.Debug|x64.ActiveCfg = Debug|Any CPU
		{5EA72C4F-BE67-4DAD-BFCC-85C9187372EC}.Debug|x64.Build.0 = Debug|Any CPU
		{5EA72C4F-BE67-4DAD-BFCC-85C9187372EC}.Debug|x86.ActiveCfg = Debug|Any CPU
		{5EA72C4F-BE67-4DAD-BFCC-85C9187372EC}.Debug|x86.Build.0 = Debug|Any CPU
		{5EA72C4F-BE67-4DAD-BFCC-85C9187372EC}.Release|Any CPU.ActiveCfg = Release|Any CPU
		{5EA72C4F-BE67-4DAD-BFCC-85C9187372EC}.Release|Any CPU.Build.0 = Release|Any CPU
		{5EA72C4F-BE67-4DAD-BFCC-85C9187372EC}.Release|x64.ActiveCfg = Release|Any CPU
		{5EA72C4F-BE67-4DAD-BFCC-85C9187372EC}.Release|x64.Build.0 = Release|Any CPU
		{5EA72C4F-BE67-4DAD-BFCC-85C9187372EC}.Release|x86.ActiveCfg = Release|Any CPU
		{5EA72C4F-BE67-4DAD-BFCC-85C9187372EC}.Release|x86.Build.0 = Release|Any CPU
		{F62D1110-6AB9-4DB9-9A4D-D48CE7A88D92}.Debug|Any CPU.ActiveCfg = Debug|Any CPU
		{F62D1110-6AB9-4DB9-9A4D-D48CE7A88D92}.Debug|Any CPU.Build.0 = Debug|Any CPU
		{F62D1110-6AB9-4DB9-9A4D-D48CE7A88D92}.Debug|x64.ActiveCfg = Debug|Any CPU
		{F62D1110-6AB9-4DB9-9A4D-D48CE7A88D92}.Debug|x64.Build.0 = Debug|Any CPU
		{F62D1110-6AB9-4DB9-9A4D-D48CE7A88D92}.Debug|x86.ActiveCfg = Debug|Any CPU
		{F62D1110-6AB9-4DB9-9A4D-D48CE7A88D92}.Debug|x86.Build.0 = Debug|Any CPU
		{F62D1110-6AB9-4DB9-9A4D-D48CE7A88D92}.Release|Any CPU.ActiveCfg = Release|Any CPU
		{F62D1110-6AB9-4DB9-9A4D-D48CE7A88D92}.Release|Any CPU.Build.0 = Release|Any CPU
		{F62D1110-6AB9-4DB9-9A4D-D48CE7A88D92}.Release|x64.ActiveCfg = Release|Any CPU
		{F62D1110-6AB9-4DB9-9A4D-D48CE7A88D92}.Release|x64.Build.0 = Release|Any CPU
		{F62D1110-6AB9-4DB9-9A4D-D48CE7A88D92}.Release|x86.ActiveCfg = Release|Any CPU
		{F62D1110-6AB9-4DB9-9A4D-D48CE7A88D92}.Release|x86.Build.0 = Release|Any CPU
		{A10E03EB-8E6A-469E-A83A-D9C052456191}.Debug|Any CPU.ActiveCfg = Debug|Any CPU
		{A10E03EB-8E6A-469E-A83A-D9C052456191}.Debug|Any CPU.Build.0 = Debug|Any CPU
		{A10E03EB-8E6A-469E-A83A-D9C052456191}.Debug|x64.ActiveCfg = Debug|Any CPU
		{A10E03EB-8E6A-469E-A83A-D9C052456191}.Debug|x64.Build.0 = Debug|Any CPU
		{A10E03EB-8E6A-469E-A83A-D9C052456191}.Debug|x86.ActiveCfg = Debug|Any CPU
		{A10E03EB-8E6A-469E-A83A-D9C052456191}.Debug|x86.Build.0 = Debug|Any CPU
		{A10E03EB-8E6A-469E-A83A-D9C052456191}.Release|Any CPU.ActiveCfg = Release|Any CPU
		{A10E03EB-8E6A-469E-A83A-D9C052456191}.Release|Any CPU.Build.0 = Release|Any CPU
		{A10E03EB-8E6A-469E-A83A-D9C052456191}.Release|x64.ActiveCfg = Release|Any CPU
		{A10E03EB-8E6A-469E-A83A-D9C052456191}.Release|x64.Build.0 = Release|Any CPU
		{A10E03EB-8E6A-469E-A83A-D9C052456191}.Release|x86.ActiveCfg = Release|Any CPU
		{A10E03EB-8E6A-469E-A83A-D9C052456191}.Release|x86.Build.0 = Release|Any CPU
	EndGlobalSection
	GlobalSection(SolutionProperties) = preSolution
		HideSolutionNode = FALSE
	EndGlobalSection
	GlobalSection(NestedProjects) = preSolution
		{A278E89E-C280-4F3D-B55E-1F0C7FC0F268} = {72038595-A08E-40C3-9B85-4D1616687506}
		{87004CF4-BB92-490B-8865-3A6D496603C6} = {1E148207-C07B-403A-84B1-0C94F5FF9A2C}
		{7524BC83-C0EF-4F62-AE42-4378AE91B264} = {72038595-A08E-40C3-9B85-4D1616687506}
		{C62CF6FA-ADBA-4C5E-880A-0A1193F42000} = {1E148207-C07B-403A-84B1-0C94F5FF9A2C}
		{BF3DCA1D-7847-4C25-886A-662318F8456F} = {72038595-A08E-40C3-9B85-4D1616687506}
		{38F29B10-F172-47A9-8EE9-7195A41B0C00} = {1E148207-C07B-403A-84B1-0C94F5FF9A2C}
		{964D6F6B-36FE-4533-9D8D-60EF014DC637} = {72038595-A08E-40C3-9B85-4D1616687506}
		{88CC2D03-6242-4B8C-A8EE-99A3DB530E83} = {1E148207-C07B-403A-84B1-0C94F5FF9A2C}
		{165B6FA8-95E7-4FDF-9B93-7A6BDBF2E0F3} = {72038595-A08E-40C3-9B85-4D1616687506}
		{BAFEFF3E-8D8E-4D8A-8D97-EC9D84520E8B} = {72038595-A08E-40C3-9B85-4D1616687506}
		{2A403FDB-F34F-4F5A-997A-4A42EEE74631} = {1E148207-C07B-403A-84B1-0C94F5FF9A2C}
		{CA8FCC31-6868-4DB8-BDA2-2C96EB92C93F} = {72038595-A08E-40C3-9B85-4D1616687506}
		{1C6F325D-C116-4F8E-9C7F-062DBBF72477} = {1E148207-C07B-403A-84B1-0C94F5FF9A2C}
		{916F8A06-527D-4EA6-88A0-F1E5AC1F99AF} = {72038595-A08E-40C3-9B85-4D1616687506}
		{C29D96F2-2AB3-48A9-8FCF-F7CE48499DCD} = {1E148207-C07B-403A-84B1-0C94F5FF9A2C}
		{652120D8-F905-47A7-A1CC-5BF013259100} = {72038595-A08E-40C3-9B85-4D1616687506}
		{9CC5D02E-BC5D-4006-842B-59391ACE634B} = {1E148207-C07B-403A-84B1-0C94F5FF9A2C}
		{7B4CF3DB-A256-41C2-BBD2-8F65A0465C05} = {72038595-A08E-40C3-9B85-4D1616687506}
		{7697082D-5B1C-423C-8365-5B5E55B6749D} = {1E148207-C07B-403A-84B1-0C94F5FF9A2C}
		{2D8239F4-FE12-49CD-AF41-CB3EE236BBE0} = {72038595-A08E-40C3-9B85-4D1616687506}
		{F37E9077-11D7-4BB8-888F-0B05BBACC541} = {1E148207-C07B-403A-84B1-0C94F5FF9A2C}
		{75E52A4A-DB89-43A5-9818-9373D1D61F42} = {72038595-A08E-40C3-9B85-4D1616687506}
		{1E148207-C07B-403A-84B1-0C94F5FF9A2C} = {72038595-A08E-40C3-9B85-4D1616687506}
		{EB0A9B9A-95E6-4B62-817D-FA9D8BA34BE0} = {11744097-7375-4222-92C0-D37BB848748A}
		{5EA72C4F-BE67-4DAD-BFCC-85C9187372EC} = {56EDAF5C-69BB-407D-9A4E-C2A9C571FA17}
		{56EDAF5C-69BB-407D-9A4E-C2A9C571FA17} = {11744097-7375-4222-92C0-D37BB848748A}
		{F62D1110-6AB9-4DB9-9A4D-D48CE7A88D92} = {11744097-7375-4222-92C0-D37BB848748A}
		{A10E03EB-8E6A-469E-A83A-D9C052456191} = {56EDAF5C-69BB-407D-9A4E-C2A9C571FA17}
	EndGlobalSection
	GlobalSection(ExtensibilityGlobals) = postSolution
		SolutionGuid = {7F897279-0512-4FF4-B75F-19A4D27A327A}
	EndGlobalSection
EndGlobal
