
Microsoft Visual Studio Solution File, Format Version 12.00
# Visual Studio 15
VisualStudioVersion = 15.0.28010.2016
MinimumVisualStudioVersion = 10.0.40219.1
Project("{FAE04EC0-301F-11D3-BF4B-00C04F79EFBC}") = "LinkedList", "LinkedList\LinkedList.csproj", "{A278E89E-C280-4F3D-B55E-1F0C7FC0F268}"
EndProject
Project("{FAE04EC0-301F-11D3-BF4B-00C04F79EFBC}") = "LinkedListTests", "LinkedListTests\LinkedListTests.csproj", "{87004CF4-BB92-490B-8865-3A6D496603C6}"
EndProject
Project("{FAE04EC0-301F-11D3-BF4B-00C04F79EFBC}") = "LinkedList2", "LinkedList2\LinkedList2.csproj", "{7524BC83-C0EF-4F62-AE42-4378AE91B264}"
EndProject
Project("{FAE04EC0-301F-11D3-BF4B-00C04F79EFBC}") = "LinkedList2Tests", "LinkedList2Tests\LinkedList2Tests.csproj", "{C62CF6FA-ADBA-4C5E-880A-0A1193F42000}"
EndProject
Project("{FAE04EC0-301F-11D3-BF4B-00C04F79EFBC}") = "DynArray", "DynArray\DynArray.csproj", "{BF3DCA1D-7847-4C25-886A-662318F8456F}"
EndProject
Project("{FAE04EC0-301F-11D3-BF4B-00C04F79EFBC}") = "DynArrayTests", "DynArrayTests\DynArrayTests.csproj", "{38F29B10-F172-47A9-8EE9-7195A41B0C00}"
EndProject
Project("{FAE04EC0-301F-11D3-BF4B-00C04F79EFBC}") = "Challenges", "Challenges\Challenges.csproj", "{26B58C91-EB9A-4AB5-96EB-97703B849B32}"
EndProject
Global
	GlobalSection(SolutionConfigurationPlatforms) = preSolution
		Debug|Any CPU = Debug|Any CPU
		Release|Any CPU = Release|Any CPU
	EndGlobalSection
	GlobalSection(ProjectConfigurationPlatforms) = postSolution
		{A278E89E-C280-4F3D-B55E-1F0C7FC0F268}.Debug|Any CPU.ActiveCfg = Debug|Any CPU
		{A278E89E-C280-4F3D-B55E-1F0C7FC0F268}.Debug|Any CPU.Build.0 = Debug|Any CPU
		{A278E89E-C280-4F3D-B55E-1F0C7FC0F268}.Release|Any CPU.ActiveCfg = Release|Any CPU
		{A278E89E-C280-4F3D-B55E-1F0C7FC0F268}.Release|Any CPU.Build.0 = Release|Any CPU
		{87004CF4-BB92-490B-8865-3A6D496603C6}.Debug|Any CPU.ActiveCfg = Debug|Any CPU
		{87004CF4-BB92-490B-8865-3A6D496603C6}.Debug|Any CPU.Build.0 = Debug|Any CPU
		{87004CF4-BB92-490B-8865-3A6D496603C6}.Release|Any CPU.ActiveCfg = Release|Any CPU
		{87004CF4-BB92-490B-8865-3A6D496603C6}.Release|Any CPU.Build.0 = Release|Any CPU
		{7524BC83-C0EF-4F62-AE42-4378AE91B264}.Debug|Any CPU.ActiveCfg = Debug|Any CPU
		{7524BC83-C0EF-4F62-AE42-4378AE91B264}.Debug|Any CPU.Build.0 = Debug|Any CPU
		{7524BC83-C0EF-4F62-AE42-4378AE91B264}.Release|Any CPU.ActiveCfg = Release|Any CPU
		{7524BC83-C0EF-4F62-AE42-4378AE91B264}.Release|Any CPU.Build.0 = Release|Any CPU
		{C62CF6FA-ADBA-4C5E-880A-0A1193F42000}.Debug|Any CPU.ActiveCfg = Debug|Any CPU
		{C62CF6FA-ADBA-4C5E-880A-0A1193F42000}.Debug|Any CPU.Build.0 = Debug|Any CPU
		{C62CF6FA-ADBA-4C5E-880A-0A1193F42000}.Release|Any CPU.ActiveCfg = Release|Any CPU
		{C62CF6FA-ADBA-4C5E-880A-0A1193F42000}.Release|Any CPU.Build.0 = Release|Any CPU
		{BF3DCA1D-7847-4C25-886A-662318F8456F}.Debug|Any CPU.ActiveCfg = Debug|Any CPU
		{BF3DCA1D-7847-4C25-886A-662318F8456F}.Debug|Any CPU.Build.0 = Debug|Any CPU
		{BF3DCA1D-7847-4C25-886A-662318F8456F}.Release|Any CPU.ActiveCfg = Release|Any CPU
		{BF3DCA1D-7847-4C25-886A-662318F8456F}.Release|Any CPU.Build.0 = Release|Any CPU
		{38F29B10-F172-47A9-8EE9-7195A41B0C00}.Debug|Any CPU.ActiveCfg = Debug|Any CPU
		{38F29B10-F172-47A9-8EE9-7195A41B0C00}.Debug|Any CPU.Build.0 = Debug|Any CPU
		{38F29B10-F172-47A9-8EE9-7195A41B0C00}.Release|Any CPU.ActiveCfg = Release|Any CPU
		{38F29B10-F172-47A9-8EE9-7195A41B0C00}.Release|Any CPU.Build.0 = Release|Any CPU
		{26B58C91-EB9A-4AB5-96EB-97703B849B32}.Debug|Any CPU.ActiveCfg = Debug|Any CPU
		{26B58C91-EB9A-4AB5-96EB-97703B849B32}.Debug|Any CPU.Build.0 = Debug|Any CPU
		{26B58C91-EB9A-4AB5-96EB-97703B849B32}.Release|Any CPU.ActiveCfg = Release|Any CPU
		{26B58C91-EB9A-4AB5-96EB-97703B849B32}.Release|Any CPU.Build.0 = Release|Any CPU
	EndGlobalSection
	GlobalSection(SolutionProperties) = preSolution
		HideSolutionNode = FALSE
	EndGlobalSection
	GlobalSection(ExtensibilityGlobals) = postSolution
		SolutionGuid = {7F897279-0512-4FF4-B75F-19A4D27A327A}
	EndGlobalSection
EndGlobal
